{"version":4,"terraform_version":"1.10.6","serial":1,"lineage":"a692c277-7103-0d85-4240-b00688d3b982","outputs":{"password":{"value":"1fUVD0f%$T[?r!YP","type":"string","sensitive":true}},"resources":[{"mode":"managed","type":"null_resource","name":"always_run","provider":"provider[\"registry.opentofu.org/hashicorp/null\"]","instances":[{"schema_version":0,"attributes":{"id":"7203928426886563870","triggers":{"timestamp":"2025-11-26T14:56:43Z"}},"sensitive_attributes":[]}]},{"mode":"managed","type":"random_password","name":"password","provider":"provider[\"registry.opentofu.org/hashicorp/random\"]","instances":[{"schema_version":3,"attributes":{"bcrypt_hash":"$2a$10$FlDG/io7sOo9PQEs/GLywePPr7Vj03ZhLrowtAHKbZgJU602paVzG","id":"none","keepers":null,"length":16,"lower":true,"min_lower":0,"min_numeric":0,"min_special":0,"min_upper":0,"number":true,"numeric":true,"override_special":"!#$%\u0026*()-_=+[]{}\u003c\u003e:?","result":"1fUVD0f%$T[?r!YP","special":true,"upper":true},"sensitive_attributes":[[{"type":"get_attr","value":"bcrypt_hash"}],[{"type":"get_attr","value":"result"}]],"dependencies":["null_resource.always_run"]}]}],"check_results":null}
